
Microsoft Visual Studio Solution File, Format Version 12.00
# Visual Studio Version 16
VisualStudioVersion = 16.0.29509.3
MinimumVisualStudioVersion = 10.0.40219.1
Project("{FAE04EC0-301F-11D3-BF4B-00C04F79EFBC}") = "xadrez-console", "xadrez-console\xadrez-console.csproj", "{2EFAF2B8-C9FB-4B2E-BB15-1F7A47D7D59A}"
EndProject
Global
	GlobalSection(SolutionConfigurationPlatforms) = preSolution
		Debug|Any CPU = Debug|Any CPU
		Release|Any CPU = Release|Any CPU
	EndGlobalSection
	GlobalSection(ProjectConfigurationPlatforms) = postSolution
		{2EFAF2B8-C9FB-4B2E-BB15-1F7A47D7D59A}.Debug|Any CPU.ActiveCfg = Debug|Any CPU
		{2EFAF2B8-C9FB-4B2E-BB15-1F7A47D7D59A}.Debug|Any CPU.Build.0 = Debug|Any CPU
		{2EFAF2B8-C9FB-4B2E-BB15-1F7A47D7D59A}.Release|Any CPU.ActiveCfg = Release|Any CPU
		{2EFAF2B8-C9FB-4B2E-BB15-1F7A47D7D59A}.Release|Any CPU.Build.0 = Release|Any CPU
	EndGlobalSection
	GlobalSection(SolutionProperties) = preSolution
		HideSolutionNode = FALSE
	EndGlobalSection
	GlobalSection(ExtensibilityGlobals) = postSolution
		SolutionGuid = {D90D02D4-8519-4914-BAA6-729E3BD6B813}
	EndGlobalSection
EndGlobal
